
Microsoft Visual Studio Solution File, Format Version 12.00
Project("{F2A71F9B-5D33-465A-A702-920D77279786}") = "Fol", "Fol\Fol.fsproj", "{D2508D64-5012-4681-84D1-00ED2187FE3F}"
EndProject
Global
	GlobalSection(SolutionConfigurationPlatforms) = preSolution
		Debug|Any CPU = Debug|Any CPU
		Release|Any CPU = Release|Any CPU
	EndGlobalSection
	GlobalSection(ProjectConfigurationPlatforms) = postSolution
		{D2508D64-5012-4681-84D1-00ED2187FE3F}.Debug|Any CPU.ActiveCfg = Debug|Any CPU
		{D2508D64-5012-4681-84D1-00ED2187FE3F}.Debug|Any CPU.Build.0 = Debug|Any CPU
		{D2508D64-5012-4681-84D1-00ED2187FE3F}.Release|Any CPU.ActiveCfg = Release|Any CPU
		{D2508D64-5012-4681-84D1-00ED2187FE3F}.Release|Any CPU.Build.0 = Release|Any CPU
	EndGlobalSection
EndGlobal
